<Solution>
  <Folder Name="/Solution Items/">
    <File Path="README.md" />
  </Folder>
  <Project Path="TicketHub.Application/TicketHub.Application.csproj" />
  <Project Path="TicketHub.Core/TicketHub.Core.csproj" />
  <Project Path="TicketHub.Infrastructure/TicketHub.Infrastructure.csproj" />
  <Project Path="TicketHub.Tests.bUnit/TicketHub.Tests.bUnit.csproj" />
  <Project Path="TicketHub.Tests.E2E/TicketHub.Tests.E2E.csproj" />
  <Project Path="TicketHub.Web/TicketHub.Web.csproj" />
</Solution>
